{
  "version": "5",
  "specifiers": {
    "jsr:@cliffy/command@1.0.0-rc.8": "1.0.0-rc.8",
    "jsr:@cliffy/flags@1.0.0-rc.8": "1.0.0-rc.8",
    "jsr:@cliffy/internal@1.0.0-rc.8": "1.0.0-rc.8",
    "jsr:@cliffy/table@1.0.0-rc.8": "1.0.0-rc.8",
    "jsr:@cloudydeno/kubernetes-apis@0.5.2": "0.5.2",
    "jsr:@cloudydeno/kubernetes-client@0.7.3": "0.7.3",
    "jsr:@cloudydeno/kubernetes-client@0.7.5": "0.7.5",
    "jsr:@cloudydeno/stream-observables@1": "1.4.1",
    "jsr:@henrygd/semaphore@^0.0.2": "0.0.2",
    "jsr:@std/bytes@^1.0.2": "1.0.6",
    "jsr:@std/fmt@~1.0.2": "1.0.8",
    "jsr:@std/internal@^1.0.9": "1.0.10",
    "jsr:@std/path@1": "1.1.1",
    "jsr:@std/path@1.0.6": "1.0.6",
    "jsr:@std/streams@1": "1.0.10",
    "jsr:@std/streams@1.0.5": "1.0.5",
    "jsr:@std/text@~1.0.7": "1.0.15",
    "jsr:@std/yaml@1": "1.0.9",
    "jsr:@std/yaml@1.0.5": "1.0.5",
    "jsr:@std/yaml@1.0.9": "1.0.9",
    "npm:@types/node@*": "22.15.15"
  },
  "jsr": {
    "@cliffy/command@1.0.0-rc.8": {
      "integrity": "758147790797c74a707e5294cc7285df665422a13d2a483437092ffce40b5557",
      "dependencies": [
        "jsr:@cliffy/flags",
        "jsr:@cliffy/internal",
        "jsr:@cliffy/table",
        "jsr:@std/fmt",
        "jsr:@std/text"
      ]
    },
    "@cliffy/flags@1.0.0-rc.8": {
      "integrity": "0f1043ce6ef037ba1cb5fe6b1bcecb25dc2f29371a1c17f278ab0f45e4b6f46c",
      "dependencies": [
        "jsr:@std/text"
      ]
    },
    "@cliffy/internal@1.0.0-rc.8": {
      "integrity": "34cdf2fad9b084b5aed493b138d573f52d4e988767215f7460daf0b918ff43d8"
    },
    "@cliffy/table@1.0.0-rc.8": {
      "integrity": "8bbcdc2ba5e0061b4b13810a24e6f5c6ab19c09f0cce9eb691ccd76c7c6c9db5",
      "dependencies": [
        "jsr:@std/fmt"
      ]
    },
    "@cloudydeno/kubernetes-apis@0.5.2": {
      "integrity": "f5fd9c94987f54fde72c6103fa0663ccb71cb6e328e7be44af1d59145adb31ee",
      "dependencies": [
        "jsr:@cloudydeno/kubernetes-client@0.7.3"
      ]
    },
    "@cloudydeno/kubernetes-client@0.7.3": {
      "integrity": "eb9fd12ac6c58e7995cc2d41a72ea9d153970900e184a5bd6fa2f2b19da5ec1a",
      "dependencies": [
        "jsr:@std/path@1.0.6",
        "jsr:@std/streams@1.0.5",
        "jsr:@std/yaml@1.0.5"
      ]
    },
    "@cloudydeno/kubernetes-client@0.7.5": {
      "integrity": "1b8b3cc2a2409db42a0fbab0d55fd42e8897335d67f24f21f207902a4582bb82",
      "dependencies": [
        "jsr:@cloudydeno/stream-observables",
        "jsr:@std/path@1",
        "jsr:@std/streams@1",
        "jsr:@std/yaml@1"
      ]
    },
    "@cloudydeno/stream-observables@1.4.1": {
      "integrity": "555aa3d786fcfd066d096fc943ea47afc688618e95146e615705e981008f57c0"
    },
    "@henrygd/semaphore@0.0.2": {
      "integrity": "cdf678250474b9445648d4fb8d8c636fe313f54893a50de616bf8d3e14f3b51e"
    },
    "@std/bytes@1.0.6": {
      "integrity": "f6ac6adbd8ccd99314045f5703e23af0a68d7f7e58364b47d2c7f408aeb5820a"
    },
    "@std/fmt@1.0.8": {
      "integrity": "71e1fc498787e4434d213647a6e43e794af4fd393ef8f52062246e06f7e372b7"
    },
    "@std/internal@1.0.10": {
      "integrity": "e3be62ce42cab0e177c27698e5d9800122f67b766a0bea6ca4867886cbde8cf7"
    },
    "@std/path@1.0.6": {
      "integrity": "ab2c55f902b380cf28e0eec501b4906e4c1960d13f00e11cfbcd21de15f18fed"
    },
    "@std/path@1.1.1": {
      "integrity": "fe00026bd3a7e6a27f73709b83c607798be40e20c81dde655ce34052fd82ec76",
      "dependencies": [
        "jsr:@std/internal"
      ]
    },
    "@std/streams@1.0.5": {
      "integrity": "74e5c73d7d68eeab0d7fba3b05cbee3ba4ac5ae37c5f4e675f67e62f8f53edc4",
      "dependencies": [
        "jsr:@std/bytes"
      ]
    },
    "@std/streams@1.0.10": {
      "integrity": "75c0b1431873cd0d8b3d679015220204d36d3c7420d93b60acfc379eb0dc30af"
    },
    "@std/text@1.0.15": {
      "integrity": "91f5cc1e12779a3d95f1be34e763f9c28a75a078b7360e6fcaef0d8d9b1e3e7f"
    },
    "@std/yaml@1.0.5": {
      "integrity": "71ba3d334305ee2149391931508b2c293a8490f94a337eef3a09cade1a2a2742"
    },
    "@std/yaml@1.0.9": {
      "integrity": "6bad3dc766dd85b4b37eabcba81b6aa4eac7a392792ae29abcfb0f90602d55bb"
    }
  },
  "npm": {
    "@types/node@22.15.15": {
      "integrity": "sha512-R5muMcZob3/Jjchn5LcO8jdKwSCbzqmPB6ruBxMcf9kbxtniZHP327s6C37iOfuw8mbKK3cAQa7sEl7afLrQ8A==",
      "dependencies": [
        "undici-types"
      ]
    },
    "undici-types@6.21.0": {
      "integrity": "sha512-iwDZqg0QAGrg9Rav5H4n0M64c3mkR59cJ6wQp+7C4nI0gsmExaedaYLNO44eT4AtBBwjbTiGPMlt2Md0T9H9JQ=="
    }
  },
  "workspace": {
    "dependencies": [
      "jsr:@cliffy/command@1.0.0-rc.8",
      "jsr:@cloudydeno/kubernetes-apis@0.5.2",
      "jsr:@cloudydeno/kubernetes-client@0.7.5",
      "jsr:@henrygd/semaphore@^0.0.2",
      "jsr:@std/yaml@1.0.9"
    ]
  }
}
